
Microsoft Visual Studio Solution File, Format Version 12.00
# Visual Studio Version 16
VisualStudioVersion = 16.0.33423.256
MinimumVisualStudioVersion = 10.0.40219.1
Project("{FAE04EC0-301F-11D3-BF4B-00C04F79EFBC}") = "Clocktype_class", "Clocktype_class\Clocktype_class.csproj", "{851B46AC-76B1-41BD-B03F-0691490ABE87}"
EndProject
Global
	GlobalSection(SolutionConfigurationPlatforms) = preSolution
		Debug|Any CPU = Debug|Any CPU
		Release|Any CPU = Release|Any CPU
	EndGlobalSection
	GlobalSection(ProjectConfigurationPlatforms) = postSolution
		{851B46AC-76B1-41BD-B03F-0691490ABE87}.Debug|Any CPU.ActiveCfg = Debug|Any CPU
		{851B46AC-76B1-41BD-B03F-0691490ABE87}.Debug|Any CPU.Build.0 = Debug|Any CPU
		{851B46AC-76B1-41BD-B03F-0691490ABE87}.Release|Any CPU.ActiveCfg = Release|Any CPU
		{851B46AC-76B1-41BD-B03F-0691490ABE87}.Release|Any CPU.Build.0 = Release|Any CPU
	EndGlobalSection
	GlobalSection(SolutionProperties) = preSolution
		HideSolutionNode = FALSE
	EndGlobalSection
	GlobalSection(ExtensibilityGlobals) = postSolution
		SolutionGuid = {6C482551-2192-44D7-BE28-901A4D31112C}
	EndGlobalSection
EndGlobal
