
Microsoft Visual Studio Solution File, Format Version 12.00
# Visual Studio Version 16
VisualStudioVersion = 16.0.33423.256
MinimumVisualStudioVersion = 10.0.40219.1
Project("{FAE04EC0-301F-11D3-BF4B-00C04F79EFBC}") = "game_contructer", "game_contructer\game_contructer.csproj", "{67AE9886-68A1-47E9-9D85-C701BAF04D47}"
EndProject
Global
	GlobalSection(SolutionConfigurationPlatforms) = preSolution
		Debug|Any CPU = Debug|Any CPU
		Release|Any CPU = Release|Any CPU
	EndGlobalSection
	GlobalSection(ProjectConfigurationPlatforms) = postSolution
		{67AE9886-68A1-47E9-9D85-C701BAF04D47}.Debug|Any CPU.ActiveCfg = Debug|Any CPU
		{67AE9886-68A1-47E9-9D85-C701BAF04D47}.Debug|Any CPU.Build.0 = Debug|Any CPU
		{67AE9886-68A1-47E9-9D85-C701BAF04D47}.Release|Any CPU.ActiveCfg = Release|Any CPU
		{67AE9886-68A1-47E9-9D85-C701BAF04D47}.Release|Any CPU.Build.0 = Release|Any CPU
	EndGlobalSection
	GlobalSection(SolutionProperties) = preSolution
		HideSolutionNode = FALSE
	EndGlobalSection
	GlobalSection(ExtensibilityGlobals) = postSolution
		SolutionGuid = {2A178B55-0BA1-49CF-BA47-BC15A28531BD}
	EndGlobalSection
EndGlobal
